<?xml version="1.0" encoding="utf-8"?>
<Project ToolsVersion="4.0" xmlns="http://schemas.microsoft.com/developer/msbuild/2003">
  <ItemGroup>
    <Filter Include="Public Header Files">
      <UniqueIdentifier>{680EF60A-F852-B6F6-8E56-5693F8167FE5}</UniqueIdentifier>
    </Filter>
    <Filter Include="Source Files">
      <UniqueIdentifier>{BA03E055-4FA2-FCE3-8A1C-D348547D379C}</UniqueIdentifier>
    </Filter>
    <Filter Include="VPC Scripts">
      <UniqueIdentifier>{A40EE377-781A-C6B9-0C7C-B3BE118D248E}</UniqueIdentifier>
    </Filter>
  </ItemGroup>
  <ItemGroup>
  </ItemGroup>
  <ItemGroup>
    <ClInclude Include="..\vgui_editor\vgui_controls\analogbar.h">
      <Filter>Public Header Files</Filter>
    </ClInclude>
    <ClInclude Include="..\vgui_editor\vgui_controls\animatingimagepanel.h">
      <Filter>Public Header Files</Filter>
    </ClInclude>
    <ClInclude Include="..\vgui_editor\vgui_controls\animationcontroller.h">
      <Filter>Public Header Files</Filter>
    </ClInclude>
    <ClInclude Include="..\vgui_editor\vgui_controls\bitmapimagepanel.h">
      <Filter>Public Header Files</Filter>
    </ClInclude>
    <ClInclude Include="..\vgui_editor\vgui_controls\buildgroup.h">
      <Filter>Public Header Files</Filter>
    </ClInclude>
    <ClInclude Include="..\vgui_editor\vgui_controls\buildmodedialog.h">
      <Filter>Public Header Files</Filter>
    </ClInclude>
    <ClInclude Include="..\vgui_editor\vgui_controls\button.h">
      <Filter>Public Header Files</Filter>
    </ClInclude>
    <ClInclude Include="..\vgui_editor\vgui_controls\checkbutton.h">
      <Filter>Public Header Files</Filter>
    </ClInclude>
    <ClInclude Include="..\vgui_editor\vgui_controls\checkbuttonlist.h">
      <Filter>Public Header Files</Filter>
    </ClInclude>
    <ClInclude Include="..\vgui_editor\vgui_controls\circularprogressbar.h">
      <Filter>Public Header Files</Filter>
    </ClInclude>
    <ClInclude Include="..\public\color.h">
      <Filter>Public Header Files</Filter>
    </ClInclude>
    <ClInclude Include="..\vgui_editor\vgui_controls\combobox.h">
      <Filter>Public Header Files</Filter>
    </ClInclude>
    <ClInclude Include="..\vgui_editor\vgui_controls\controllermap.h">
      <Filter>Public Header Files</Filter>
    </ClInclude>
    <ClInclude Include="..\vgui_editor\vgui_controls\controls.h">
      <Filter>Public Header Files</Filter>
    </ClInclude>
    <ClInclude Include="..\vgui_editor\vgui_controls\cvartogglecheckbutton.h">
      <Filter>Public Header Files</Filter>
    </ClInclude>
    <ClInclude Include="..\vgui_editor\vgui_controls\dialogmanager.h">
      <Filter>Public Header Files</Filter>
    </ClInclude>
    <ClInclude Include="..\vgui_editor\vgui_controls\directoryselectdialog.h">
      <Filter>Public Header Files</Filter>
    </ClInclude>
    <ClInclude Include="..\vgui_editor\vgui_controls\divider.h">
      <Filter>Public Header Files</Filter>
    </ClInclude>
    <ClInclude Include="..\vgui_editor\vgui_controls\editablepanel.h">
      <Filter>Public Header Files</Filter>
    </ClInclude>
    <ClInclude Include="..\vgui_editor\vgui_controls\expandbutton.h">
      <Filter>Public Header Files</Filter>
    </ClInclude>
    <ClInclude Include="..\vgui_editor\vgui_controls\fileopendialog.h">
      <Filter>Public Header Files</Filter>
    </ClInclude>
    <ClInclude Include="..\vgui_editor\vgui_controls\fileopenstatemachine.h">
      <Filter>Public Header Files</Filter>
    </ClInclude>
    <ClInclude Include="..\public\filesystem.h">
      <Filter>Public Header Files</Filter>
    </ClInclude>
    <ClInclude Include="..\public\filesystem_helpers.h">
      <Filter>Public Header Files</Filter>
    </ClInclude>
    <ClInclude Include="..\vgui_editor\vgui_controls\focusnavgroup.h">
      <Filter>Public Header Files</Filter>
    </ClInclude>
    <ClInclude Include="..\vgui_editor\vgui_controls\frame.h">
      <Filter>Public Header Files</Filter>
    </ClInclude>
    <ClInclude Include="..\vgui_editor\vgui_controls\graphpanel.h">
      <Filter>Public Header Files</Filter>
    </ClInclude>
    <ClInclude Include="..\vgui_editor\vgui_controls\html.h">
      <Filter>Public Header Files</Filter>
    </ClInclude>
    <ClInclude Include="..\vgui_editor\vgui_controls\image.h">
      <Filter>Public Header Files</Filter>
    </ClInclude>
    <ClInclude Include="..\vgui_editor\vgui_controls\imagelist.h">
      <Filter>Public Header Files</Filter>
    </ClInclude>
    <ClInclude Include="..\vgui_editor\vgui_controls\imagepanel.h">
      <Filter>Public Header Files</Filter>
    </ClInclude>
    <ClInclude Include="..\vgui_editor\vgui_controls\inputdialog.h">
      <Filter>Public Header Files</Filter>
    </ClInclude>
    <ClInclude Include="..\public\tier1\interface.h">
      <Filter>Public Header Files</Filter>
    </ClInclude>
    <ClInclude Include="..\vgui_editor\vgui_controls\keybindinghelpdialog.h">
      <Filter>Public Header Files</Filter>
    </ClInclude>
    <ClInclude Include="..\vgui_editor\vgui_controls\keybindingmap.h">
      <Filter>Public Header Files</Filter>
    </ClInclude>
    <ClInclude Include="..\vgui_editor\vgui_controls\keyboardeditordialog.h">
      <Filter>Public Header Files</Filter>
    </ClInclude>
    <ClInclude Include="..\vgui_editor\vgui_controls\keyrepeat.h">
      <Filter>Public Header Files</Filter>
    </ClInclude>
    <ClInclude Include="..\public\tier1\keyvalues.h">
      <Filter>Public Header Files</Filter>
    </ClInclude>
    <ClInclude Include="..\vgui_editor\vgui_controls\label.h">
      <Filter>Public Header Files</Filter>
    </ClInclude>
    <ClInclude Include="..\vgui_editor\vgui_controls\listpanel.h">
      <Filter>Public Header Files</Filter>
    </ClInclude>
    <ClInclude Include="..\vgui_editor\vgui_controls\listviewpanel.h">
      <Filter>Public Header Files</Filter>
    </ClInclude>
    <ClInclude Include="..\public\tier0\memdbgoff.h">
      <Filter>Public Header Files</Filter>
    </ClInclude>
    <ClInclude Include="..\public\tier0\memdbgon.h">
      <Filter>Public Header Files</Filter>
    </ClInclude>
    <ClInclude Include="..\public\tier1\mempool.h">
      <Filter>Public Header Files</Filter>
    </ClInclude>
    <ClInclude Include="..\vgui_editor\vgui_controls\menu.h">
      <Filter>Public Header Files</Filter>
    </ClInclude>
    <ClInclude Include="..\vgui_editor\vgui_controls\menubar.h">
      <Filter>Public Header Files</Filter>
    </ClInclude>
    <ClInclude Include="..\vgui_editor\vgui_controls\menubutton.h">
      <Filter>Public Header Files</Filter>
    </ClInclude>
    <ClInclude Include="..\vgui_editor\vgui_controls\menuitem.h">
      <Filter>Public Header Files</Filter>
    </ClInclude>
    <ClInclude Include="..\vgui_editor\vgui_controls\messagebox.h">
      <Filter>Public Header Files</Filter>
    </ClInclude>
    <ClInclude Include="..\vgui_editor\vgui_controls\messagedialog.h">
      <Filter>Public Header Files</Filter>
    </ClInclude>
    <ClInclude Include="..\vgui_editor\vgui_controls\messagemap.h">
      <Filter>Public Header Files</Filter>
    </ClInclude>
    <ClInclude Include="..\vgui_editor\vgui_controls\panel.h">
      <Filter>Public Header Files</Filter>
    </ClInclude>
    <ClInclude Include="..\vgui_editor\vgui_controls\panelanimationvar.h">
      <Filter>Public Header Files</Filter>
    </ClInclude>
    <ClInclude Include="..\vgui_editor\vgui_controls\panellistpanel.h">
      <Filter>Public Header Files</Filter>
    </ClInclude>
    <ClInclude Include="..\vgui_editor\vgui_controls\perforcefileexplorer.h">
      <Filter>Public Header Files</Filter>
    </ClInclude>
    <ClInclude Include="..\vgui_editor\vgui_controls\perforcefilelist.h">
      <Filter>Public Header Files</Filter>
    </ClInclude>
    <ClInclude Include="..\vgui_editor\vgui_controls\perforcefilelistframe.h">
      <Filter>Public Header Files</Filter>
    </ClInclude>
    <ClInclude Include="..\vgui_editor\vgui_controls\phandle.h">
      <Filter>Public Header Files</Filter>
    </ClInclude>
    <ClInclude Include="..\vgui_editor\vgui_controls\progressbar.h">
      <Filter>Public Header Files</Filter>
    </ClInclude>
    <ClInclude Include="..\vgui_editor\vgui_controls\progressbox.h">
      <Filter>Public Header Files</Filter>
    </ClInclude>
    <ClInclude Include="..\vgui_editor\vgui_controls\propertydialog.h">
      <Filter>Public Header Files</Filter>
    </ClInclude>
    <ClInclude Include="..\vgui_editor\vgui_controls\propertypage.h">
      <Filter>Public Header Files</Filter>
    </ClInclude>
    <ClInclude Include="..\vgui_editor\vgui_controls\propertysheet.h">
      <Filter>Public Header Files</Filter>
    </ClInclude>
    <ClInclude Include="..\vgui_editor\vgui_controls\querybox.h">
      <Filter>Public Header Files</Filter>
    </ClInclude>
    <ClInclude Include="..\vgui_editor\vgui_controls\radiobutton.h">
      <Filter>Public Header Files</Filter>
    </ClInclude>
    <ClInclude Include="..\vgui_editor\vgui_controls\richtext.h">
      <Filter>Public Header Files</Filter>
    </ClInclude>
    <ClInclude Include="..\vgui_editor\vgui_controls\rotatingprogressbar.h">
      <Filter>Public Header Files</Filter>
    </ClInclude>
    <ClInclude Include="..\vgui_editor\vgui_controls\savedocumentquery.h">
      <Filter>Public Header Files</Filter>
    </ClInclude>
    <ClInclude Include="..\vgui_editor\vgui_controls\scalableimagepanel.h">
      <Filter>Public Header Files</Filter>
    </ClInclude>
    <ClInclude Include="..\vgui_editor\vgui_controls\scrollableeditablepanel.h">
      <Filter>Public Header Files</Filter>
    </ClInclude>
    <ClInclude Include="..\vgui_editor\vgui_controls\scrollbar.h">
      <Filter>Public Header Files</Filter>
    </ClInclude>
    <ClInclude Include="..\vgui_editor\vgui_controls\scrollbarslider.h">
      <Filter>Public Header Files</Filter>
    </ClInclude>
    <ClInclude Include="..\vgui_editor\vgui_controls\sectionedlistpanel.h">
      <Filter>Public Header Files</Filter>
    </ClInclude>
    <ClInclude Include="..\vgui_editor\vgui_controls\slider.h">
      <Filter>Public Header Files</Filter>
    </ClInclude>
    <ClInclude Include="..\vgui_editor\vgui_controls\splitter.h">
      <Filter>Public Header Files</Filter>
    </ClInclude>
    <ClInclude Include="..\vgui_editor\vgui_controls\subrectimage.h">
      <Filter>Public Header Files</Filter>
    </ClInclude>
    <ClInclude Include="..\vgui_editor\vgui_controls\textentry.h">
      <Filter>Public Header Files</Filter>
    </ClInclude>
    <ClInclude Include="..\vgui_editor\vgui_controls\textimage.h">
      <Filter>Public Header Files</Filter>
    </ClInclude>
    <ClInclude Include="..\vgui_editor\vgui_controls\togglebutton.h">
      <Filter>Public Header Files</Filter>
    </ClInclude>
    <ClInclude Include="..\vgui_editor\vgui_controls\tooltip.h">
      <Filter>Public Header Files</Filter>
    </ClInclude>
    <ClInclude Include="..\vgui_editor\vgui_controls\toolwindow.h">
      <Filter>Public Header Files</Filter>
    </ClInclude>
    <ClInclude Include="..\vgui_editor\vgui_controls\treeview.h">
      <Filter>Public Header Files</Filter>
    </ClInclude>
    <ClInclude Include="..\vgui_editor\vgui_controls\treeviewlistcontrol.h">
      <Filter>Public Header Files</Filter>
    </ClInclude>
    <ClInclude Include="..\vgui_editor\vgui_controls\urllabel.h">
      <Filter>Public Header Files</Filter>
    </ClInclude>
    <ClInclude Include="..\public\tier1\utlmemory.h">
      <Filter>Public Header Files</Filter>
    </ClInclude>
    <ClInclude Include="..\public\tier1\utlrbtree.h">
      <Filter>Public Header Files</Filter>
    </ClInclude>
    <ClInclude Include="..\public\tier1\utlvector.h">
      <Filter>Public Header Files</Filter>
    </ClInclude>
    <ClInclude Include="..\vgui_editor\vgui_controls\wizardpanel.h">
      <Filter>Public Header Files</Filter>
    </ClInclude>
    <ClInclude Include="..\vgui_editor\vgui_controls\wizardsubpanel.h">
      <Filter>Public Header Files</Filter>
    </ClInclude>
  </ItemGroup>
  <ItemGroup>
    <ClCompile Include="analogbar.cpp">
      <Filter>Source Files</Filter>
    </ClCompile>
    <ClCompile Include="animatingimagepanel.cpp">
      <Filter>Source Files</Filter>
    </ClCompile>
    <ClCompile Include="animationcontroller.cpp">
      <Filter>Source Files</Filter>
    </ClCompile>
    <ClCompile Include="bitmapimagepanel.cpp">
      <Filter>Source Files</Filter>
    </ClCompile>
    <ClCompile Include="buildfactoryhelper.cpp">
      <Filter>Source Files</Filter>
    </ClCompile>
    <ClCompile Include="buildgroup.cpp">
      <Filter>Source Files</Filter>
    </ClCompile>
    <ClCompile Include="buildmodedialog.cpp">
      <Filter>Source Files</Filter>
    </ClCompile>
    <ClCompile Include="button.cpp">
      <Filter>Source Files</Filter>
    </ClCompile>
    <ClCompile Include="checkbutton.cpp">
      <Filter>Source Files</Filter>
    </ClCompile>
    <ClCompile Include="checkbuttonlist.cpp">
      <Filter>Source Files</Filter>
    </ClCompile>
    <ClCompile Include="circularprogressbar.cpp">
      <Filter>Source Files</Filter>
    </ClCompile>
    <ClCompile Include="colorpicker.cpp">
      <Filter>Source Files</Filter>
    </ClCompile>
    <ClCompile Include="combobox.cpp">
      <Filter>Source Files</Filter>
    </ClCompile>
    <ClCompile Include="controllermap.cpp">
      <Filter>Source Files</Filter>
    </ClCompile>
    <ClCompile Include="controls.cpp">
      <Filter>Source Files</Filter>
    </ClCompile>
    <ClCompile Include="cvartogglecheckbutton.cpp">
      <Filter>Source Files</Filter>
    </ClCompile>
    <ClCompile Include="directoryselectdialog.cpp">
      <Filter>Source Files</Filter>
    </ClCompile>
    <ClCompile Include="divider.cpp">
      <Filter>Source Files</Filter>
    </ClCompile>
    <ClCompile Include="editablepanel.cpp">
      <Filter>Source Files</Filter>
    </ClCompile>
    <ClCompile Include="expandbutton.cpp">
      <Filter>Source Files</Filter>
    </ClCompile>
    <ClCompile Include="fileopendialog.cpp">
      <Filter>Source Files</Filter>
    </ClCompile>
    <ClCompile Include="fileopenstatemachine.cpp">
      <Filter>Source Files</Filter>
    </ClCompile>
    <ClCompile Include="..\public\filesystem_helpers.cpp">
      <Filter>Source Files</Filter>
    </ClCompile>
    <ClCompile Include="focusnavgroup.cpp">
      <Filter>Source Files</Filter>
    </ClCompile>
    <ClCompile Include="frame.cpp">
      <Filter>Source Files</Filter>
    </ClCompile>
    <ClCompile Include="graphpanel.cpp">
      <Filter>Source Files</Filter>
    </ClCompile>
    <ClCompile Include="html.cpp">
      <Filter>Source Files</Filter>
    </ClCompile>
    <ClCompile Include="image.cpp">
      <Filter>Source Files</Filter>
    </ClCompile>
    <ClCompile Include="imagelist.cpp">
      <Filter>Source Files</Filter>
    </ClCompile>
    <ClCompile Include="imagepanel.cpp">
      <Filter>Source Files</Filter>
    </ClCompile>
    <ClCompile Include="inputdialog.cpp">
      <Filter>Source Files</Filter>
    </ClCompile>
    <ClCompile Include="keybindinghelpdialog.cpp">
      <Filter>Source Files</Filter>
    </ClCompile>
    <ClCompile Include="keyboardeditordialog.cpp">
      <Filter>Source Files</Filter>
    </ClCompile>
    <ClCompile Include="keyrepeat.cpp">
      <Filter>Source Files</Filter>
    </ClCompile>
    <ClCompile Include="label.cpp">
      <Filter>Source Files</Filter>
    </ClCompile>
    <ClCompile Include="listpanel.cpp">
      <Filter>Source Files</Filter>
    </ClCompile>
    <ClCompile Include="listviewpanel.cpp">
      <Filter>Source Files</Filter>
    </ClCompile>
    <ClCompile Include="menu.cpp">
      <Filter>Source Files</Filter>
    </ClCompile>
    <ClCompile Include="menubar.cpp">
      <Filter>Source Files</Filter>
    </ClCompile>
    <ClCompile Include="menubutton.cpp">
      <Filter>Source Files</Filter>
    </ClCompile>
    <ClCompile Include="menuitem.cpp">
      <Filter>Source Files</Filter>
    </ClCompile>
    <ClCompile Include="messagebox.cpp">
      <Filter>Source Files</Filter>
    </ClCompile>
    <ClCompile Include="messagedialog.cpp">
      <Filter>Source Files</Filter>
    </ClCompile>
    <ClCompile Include="panel.cpp">
      <Filter>Source Files</Filter>
    </ClCompile>
    <ClCompile Include="panellistpanel.cpp">
      <Filter>Source Files</Filter>
    </ClCompile>
    <ClCompile Include="perforcefileexplorer.cpp">
      <Filter>Source Files</Filter>
    </ClCompile>
    <ClCompile Include="perforcefilelist.cpp">
      <Filter>Source Files</Filter>
    </ClCompile>
    <ClCompile Include="perforcefilelistframe.cpp">
      <Filter>Source Files</Filter>
    </ClCompile>
    <ClCompile Include="progressbar.cpp">
      <Filter>Source Files</Filter>
    </ClCompile>
    <ClCompile Include="progressbox.cpp">
      <Filter>Source Files</Filter>
    </ClCompile>
    <ClCompile Include="promptsimple.cpp">
      <Filter>Source Files</Filter>
    </ClCompile>
    <ClCompile Include="propertydialog.cpp">
      <Filter>Source Files</Filter>
    </ClCompile>
    <ClCompile Include="propertypage.cpp">
      <Filter>Source Files</Filter>
    </ClCompile>
    <ClCompile Include="propertysheet.cpp">
      <Filter>Source Files</Filter>
    </ClCompile>
    <ClCompile Include="querybox.cpp">
      <Filter>Source Files</Filter>
    </ClCompile>
    <ClCompile Include="radiobutton.cpp">
      <Filter>Source Files</Filter>
    </ClCompile>
    <ClCompile Include="richtext.cpp">
      <Filter>Source Files</Filter>
    </ClCompile>
    <ClCompile Include="rotatingprogressbar.cpp">
      <Filter>Source Files</Filter>
    </ClCompile>
    <ClCompile Include="savedocumentquery.cpp">
      <Filter>Source Files</Filter>
    </ClCompile>
    <ClCompile Include="scalableimagepanel.cpp">
      <Filter>Source Files</Filter>
    </ClCompile>
    <ClCompile Include="scrollableeditablepanel.cpp">
      <Filter>Source Files</Filter>
    </ClCompile>
    <ClCompile Include="scrollbar.cpp">
      <Filter>Source Files</Filter>
    </ClCompile>
    <ClCompile Include="scrollbarslider.cpp">
      <Filter>Source Files</Filter>
    </ClCompile>
    <ClCompile Include="sectionedlistpanel.cpp">
      <Filter>Source Files</Filter>
    </ClCompile>
    <ClCompile Include="slider.cpp">
      <Filter>Source Files</Filter>
    </ClCompile>
    <ClCompile Include="splitter.cpp">
      <Filter>Source Files</Filter>
    </ClCompile>
    <ClCompile Include="subrectimage.cpp">
      <Filter>Source Files</Filter>
    </ClCompile>
    <ClCompile Include="textentry.cpp">
      <Filter>Source Files</Filter>
    </ClCompile>
    <ClCompile Include="textimage.cpp">
      <Filter>Source Files</Filter>
    </ClCompile>
    <ClCompile Include="togglebutton.cpp">
      <Filter>Source Files</Filter>
    </ClCompile>
    <ClCompile Include="tokenchannels.cpp">
      <Filter>Source Files</Filter>
    </ClCompile>
    <ClCompile Include="tooltip.cpp">
      <Filter>Source Files</Filter>
    </ClCompile>
    <ClCompile Include="toolwindow.cpp">
      <Filter>Source Files</Filter>
    </ClCompile>
    <ClCompile Include="treeview.cpp">
      <Filter>Source Files</Filter>
    </ClCompile>
    <ClCompile Include="treeviewlistcontrol.cpp">
      <Filter>Source Files</Filter>
    </ClCompile>
    <ClCompile Include="urllabel.cpp">
      <Filter>Source Files</Filter>
    </ClCompile>
    <ClCompile Include="utilities.cpp">
      <Filter>Source Files</Filter>
    </ClCompile>
    <ClCompile Include="wizardpanel.cpp">
      <Filter>Source Files</Filter>
    </ClCompile>
    <ClCompile Include="wizardsubpanel.cpp">
      <Filter>Source Files</Filter>
    </ClCompile>
  </ItemGroup>
  <ItemGroup>
  </ItemGroup>
  <ItemGroup>
    <CustomBuild Include="vgui_controls_editor.vpc">
      <Filter>VPC Scripts</Filter>
    </CustomBuild>
  </ItemGroup>
  <ItemGroup>
    <None Include="..\vpc_scripts\platform_dirs.vpc">
      <Filter>VPC Scripts</Filter>
    </None>
    <None Include="..\shadereditor_platform.vpc">
      <Filter>VPC Scripts</Filter>
    </None>
    <None Include="..\vpc_scripts\source_base.vpc">
      <Filter>VPC Scripts</Filter>
    </None>
    <None Include="..\vpc_scripts\source_lib_base.vpc">
      <Filter>VPC Scripts</Filter>
    </None>
    <None Include="..\vpc_scripts\source_lib_win32_base.vpc">
      <Filter>VPC Scripts</Filter>
    </None>
    <None Include="..\vpc_scripts\source_lib_win32_debug.vpc">
      <Filter>VPC Scripts</Filter>
    </None>
    <None Include="..\vpc_scripts\source_lib_win32_release.vpc">
      <Filter>VPC Scripts</Filter>
    </None>
    <None Include="..\vpc_scripts\source_video_base.vpc">
      <Filter>VPC Scripts</Filter>
    </None>
    <None Include="..\vpc_scripts\source_win32_base.vpc">
      <Filter>VPC Scripts</Filter>
    </None>
    <None Include="..\vpc_scripts\version.vpc">
      <Filter>VPC Scripts</Filter>
    </None>
  </ItemGroup>
</Project>
