<?xml version="1.0" encoding="utf-8"?>
<Project ToolsVersion="4.0" xmlns="http://schemas.microsoft.com/developer/msbuild/2003">
  <ItemGroup>
    <Filter Include="Link Libraries">
      <UniqueIdentifier>{C5D73B3A-C648-896C-B7CE-F174808E5BA5}</UniqueIdentifier>
    </Filter>
    <Filter Include="Precompiled Header">
      <UniqueIdentifier>{697CE808-5DB5-90DE-1B04-7787802D75A8}</UniqueIdentifier>
    </Filter>
    <Filter Include="Source Files">
      <UniqueIdentifier>{BA03E055-4FA2-FCE3-8A1C-D348547D379C}</UniqueIdentifier>
    </Filter>
    <Filter Include="Source Files\Base Files">
      <UniqueIdentifier>{6CBF74A1-5711-8D24-2130-D05214B37DA4}</UniqueIdentifier>
    </Filter>
    <Filter Include="Source Files\Interface">
      <UniqueIdentifier>{3C845B9E-8C56-CCB4-7BE8-5808B7F80EAA}</UniqueIdentifier>
    </Filter>
    <Filter Include="Source Files\Nodes">
      <UniqueIdentifier>{AE13FBF2-98FC-71E3-3180-FFC109D21F2E}</UniqueIdentifier>
    </Filter>
    <Filter Include="Source Files\Nodes\Post processing">
      <UniqueIdentifier>{9BD3A037-41AE-FAF4-AB41-46A4F72A3E3E}</UniqueIdentifier>
    </Filter>
    <Filter Include="Source Files\Properties">
      <UniqueIdentifier>{0C7D804B-1607-EA3C-44CB-948D2F2903C5}</UniqueIdentifier>
    </Filter>
    <Filter Include="Source Files\Properties\Post processing">
      <UniqueIdentifier>{9E62D4CB-F85C-FE57-C308-E0A59A54D2A6}</UniqueIdentifier>
    </Filter>
    <Filter Include="Source Files\Properties\Smart text">
      <UniqueIdentifier>{60AC1D48-6552-140B-1EE0-876BACB3810E}</UniqueIdentifier>
    </Filter>
    <Filter Include="Source Files\Solver">
      <UniqueIdentifier>{27B224AE-87DB-1AE9-B9FF-69E2317F5340}</UniqueIdentifier>
    </Filter>
    <Filter Include="Source Files\Solver\Post processing">
      <UniqueIdentifier>{C52499B7-42D3-1021-376F-B25E8EF8C33F}</UniqueIdentifier>
    </Filter>
    <Filter Include="Source Files\Threads">
      <UniqueIdentifier>{3F309681-B146-D52B-0A06-5E4FD8C07801}</UniqueIdentifier>
    </Filter>
    <Filter Include="VPC Scripts">
      <UniqueIdentifier>{A40EE377-781A-C6B9-0C7C-B3BE118D248E}</UniqueIdentifier>
    </Filter>
  </ItemGroup>
  <ItemGroup>
    <Library Include="<PATH TO YOUR GAMES SOURCE ROOT>\lib\public\bitmap.lib">
      <Filter>Link Libraries</Filter>
    </Library>
    <Library Include="<PATH TO YOUR GAMES SOURCE ROOT>\lib\public\choreoobjects.lib">
      <Filter>Link Libraries</Filter>
    </Library>
    <Library Include="<PATH TO YOUR GAMES SOURCE ROOT>\lib\public\dmxloader.lib">
      <Filter>Link Libraries</Filter>
    </Library>
    <Library Include="..\lib\public\jpeglib.lib">
      <Filter>Link Libraries</Filter>
    </Library>
    <Library Include="<PATH TO YOUR GAMES SOURCE ROOT>\lib\public\mathlib.lib">
      <Filter>Link Libraries</Filter>
    </Library>
    <Library Include="<PATH TO YOUR GAMES SOURCE ROOT>\lib\public\matsys_controls.lib">
      <Filter>Link Libraries</Filter>
    </Library>
    <Library Include="<PATH TO YOUR GAMES SOURCE ROOT>\lib\public\particles.lib">
      <Filter>Link Libraries</Filter>
    </Library>
    <Library Include="<PATH TO YOUR GAMES SOURCE ROOT>\lib\public\steam_api.lib">
      <Filter>Link Libraries</Filter>
    </Library>
    <Library Include="..\lib\public\tier0.lib">
      <Filter>Link Libraries</Filter>
    </Library>
    <Library Include="..\lib\public\tier1.lib">
      <Filter>Link Libraries</Filter>
    </Library>
    <Library Include="<PATH TO YOUR GAMES SOURCE ROOT>\lib\public\tier1.lib">
      <Filter>Link Libraries</Filter>
    </Library>
    <Library Include="<PATH TO YOUR GAMES SOURCE ROOT>\lib\public\tier2.lib">
      <Filter>Link Libraries</Filter>
    </Library>
    <Library Include="<PATH TO YOUR GAMES SOURCE ROOT>\lib\public\tier3.lib">
      <Filter>Link Libraries</Filter>
    </Library>
    <Library Include="..\lib\public\vgui_controls_editor_2013.lib">
      <Filter>Link Libraries</Filter>
    </Library>
    <Library Include="..\lib\public\vstdlib.lib">
      <Filter>Link Libraries</Filter>
    </Library>
    <Library Include="<PATH TO YOUR GAMES SOURCE ROOT>\lib\public\vtf.lib">
      <Filter>Link Libraries</Filter>
    </Library>
  </ItemGroup>
  <ItemGroup>
    <ClInclude Include="..\shadereditor\cbase.h">
      <Filter>Precompiled Header</Filter>
    </ClInclude>
    <ClInclude Include="..\shadereditor\solver\hlsl_solver.h">
      <Filter>Source Files\Solver</Filter>
    </ClInclude>
  </ItemGroup>
  <ItemGroup>
    <ClCompile Include="..\shadereditor\stdafx.cpp">
      <Filter>Precompiled Header</Filter>
    </ClCompile>
    <ClCompile Include="..\shadereditor\chlsl_image.cpp">
      <Filter>Source Files</Filter>
    </ClCompile>
    <ClCompile Include="..\shadereditor\chlsl_mesh.cpp">
      <Filter>Source Files</Filter>
    </ClCompile>
    <ClCompile Include="..\shadereditor\chlsl_variable.cpp">
      <Filter>Source Files</Filter>
    </ClCompile>
    <ClCompile Include="..\shadereditor\ckvpacker.cpp">
      <Filter>Source Files</Filter>
    </ClCompile>
    <ClCompile Include="..\shadereditor\cregex.cpp">
      <Filter>Source Files</Filter>
    </ClCompile>
    <ClCompile Include="..\shadereditor\editorcommon.cpp">
      <Filter>Source Files</Filter>
    </ClCompile>
    <ClCompile Include="..\shadereditor\exported_utilities.cpp">
      <Filter>Source Files</Filter>
    </ClCompile>
    <ClCompile Include="..\shadereditor\gdirectories.cpp">
      <Filter>Source Files</Filter>
    </ClCompile>
    <ClCompile Include="..\shadereditor\gpostprocessingcache.cpp">
      <Filter>Source Files</Filter>
    </ClCompile>
    <ClCompile Include="..\shadereditor\grendertargetconfig.cpp">
      <Filter>Source Files</Filter>
    </ClCompile>
    <ClCompile Include="..\shadereditor\gshaderdumps.cpp">
      <Filter>Source Files</Filter>
    </ClCompile>
    <ClCompile Include="..\public\tier0\memoverride.cpp">
      <Filter>Source Files</Filter>
    </ClCompile>
    <ClCompile Include="..\shadereditor\vbasediag.cpp">
      <Filter>Source Files</Filter>
    </ClCompile>
    <ClCompile Include="..\shadereditor\vbridge.cpp">
      <Filter>Source Files</Filter>
    </ClCompile>
    <ClCompile Include="..\shadereditor\vdialogconfig.cpp">
      <Filter>Source Files</Filter>
    </ClCompile>
    <ClCompile Include="..\shadereditor\vdialogeditorconfig.cpp">
      <Filter>Source Files</Filter>
    </ClCompile>
    <ClCompile Include="..\shadereditor\vdialognew.cpp">
      <Filter>Source Files</Filter>
    </ClCompile>
    <ClCompile Include="..\shadereditor\vdialogppeconfig.cpp">
      <Filter>Source Files</Filter>
    </ClCompile>
    <ClCompile Include="..\shadereditor\vdialogppeffectprecache.cpp">
      <Filter>Source Files</Filter>
    </ClCompile>
    <ClCompile Include="..\shadereditor\vdialogrecompileall.cpp">
      <Filter>Source Files</Filter>
    </ClCompile>
    <ClCompile Include="..\shadereditor\vdialogrtlist.cpp">
      <Filter>Source Files</Filter>
    </ClCompile>
    <ClCompile Include="..\shadereditor\vdialogsprecache.cpp">
      <Filter>Source Files</Filter>
    </ClCompile>
    <ClCompile Include="..\shadereditor\veditorflowgraphpage.cpp">
      <Filter>Source Files</Filter>
    </ClCompile>
    <ClCompile Include="..\shadereditor\veditorflowgraphsheet.cpp">
      <Filter>Source Files</Filter>
    </ClCompile>
    <ClCompile Include="..\shadereditor\veditorroot.cpp">
      <Filter>Source Files</Filter>
    </ClCompile>
    <ClCompile Include="..\shadereditor\vgui_init.cpp">
      <Filter>Source Files</Filter>
    </ClCompile>
    <ClCompile Include="..\shadereditor\vjack.cpp">
      <Filter>Source Files</Filter>
    </ClCompile>
    <ClCompile Include="..\shadereditor\vnodeview.cpp">
      <Filter>Source Files</Filter>
    </ClCompile>
    <ClCompile Include="..\shadereditor\vnodeviewerror.cpp">
      <Filter>Source Files</Filter>
    </ClCompile>
    <ClCompile Include="..\shadereditor\vpreview.cpp">
      <Filter>Source Files</Filter>
    </ClCompile>
    <ClCompile Include="..\shadereditor\vrenderpanel.cpp">
      <Filter>Source Files</Filter>
    </ClCompile>
    <ClCompile Include="..\shadereditor\util\client_factorylist.cpp">
      <Filter>Source Files\Base Files</Filter>
    </ClCompile>
    <ClCompile Include="..\public\collisionutils.cpp">
      <Filter>Source Files\Base Files</Filter>
    </ClCompile>
    <ClCompile Include="..\public\crtmemdebug.cpp">
      <Filter>Source Files\Base Files</Filter>
    </ClCompile>
    <ClCompile Include="..\shadereditor\util\igamesystem.cpp">
      <Filter>Source Files\Base Files</Filter>
    </ClCompile>
    <ClCompile Include="..\vgui_editor\vgui_controls_editor.cpp">
      <Filter>Source Files\Base Files</Filter>
    </ClCompile>
    <ClCompile Include="..\shadereditor\interface\dll_init.cpp">
      <Filter>Source Files\Interface</Filter>
    </ClCompile>
    <ClCompile Include="..\shadereditor\interface\editorinit.cpp">
      <Filter>Source Files\Interface</Filter>
    </ClCompile>
    <ClCompile Include="..\materialsystem\ivprocshader.cpp">
      <Filter>Source Files\Interface</Filter>
    </ClCompile>
    <ClCompile Include="..\shadereditor\interface\ppehelper.cpp">
      <Filter>Source Files\Interface</Filter>
    </ClCompile>
    <ClCompile Include="..\shadereditor\nodes\vbasecontainer.cpp">
      <Filter>Source Files\Nodes</Filter>
    </ClCompile>
    <ClCompile Include="..\shadereditor\nodes\vbasenode.cpp">
      <Filter>Source Files\Nodes</Filter>
    </ClCompile>
    <ClCompile Include="..\shadereditor\nodes\vnode_add.cpp">
      <Filter>Source Files\Nodes</Filter>
    </ClCompile>
    <ClCompile Include="..\shadereditor\nodes\vnode_array.cpp">
      <Filter>Source Files\Nodes</Filter>
    </ClCompile>
    <ClCompile Include="..\shadereditor\nodes\vnode_baseevaluate.cpp">
      <Filter>Source Files\Nodes</Filter>
    </ClCompile>
    <ClCompile Include="..\shadereditor\nodes\vnode_baserange.cpp">
      <Filter>Source Files\Nodes</Filter>
    </ClCompile>
    <ClCompile Include="..\shadereditor\nodes\vnode_break.cpp">
      <Filter>Source Files\Nodes</Filter>
    </ClCompile>
    <ClCompile Include="..\shadereditor\nodes\vnode_callback.cpp">
      <Filter>Source Files\Nodes</Filter>
    </ClCompile>
    <ClCompile Include="..\shadereditor\nodes\vnode_combo.cpp">
      <Filter>Source Files\Nodes</Filter>
    </ClCompile>
    <ClCompile Include="..\shadereditor\nodes\vnode_comment.cpp">
      <Filter>Source Files\Nodes</Filter>
    </ClCompile>
    <ClCompile Include="..\shadereditor\nodes\vnode_condition.cpp">
      <Filter>Source Files\Nodes</Filter>
    </ClCompile>
    <ClCompile Include="..\shadereditor\nodes\vnode_constant.cpp">
      <Filter>Source Files\Nodes</Filter>
    </ClCompile>
    <ClCompile Include="..\shadereditor\nodes\vnode_cross.cpp">
      <Filter>Source Files\Nodes</Filter>
    </ClCompile>
    <ClCompile Include="..\shadereditor\nodes\vnode_custom.cpp">
      <Filter>Source Files\Nodes</Filter>
    </ClCompile>
    <ClCompile Include="..\shadereditor\nodes\vnode_divide.cpp">
      <Filter>Source Files\Nodes</Filter>
    </ClCompile>
    <ClCompile Include="..\shadereditor\nodes\vnode_dot.cpp">
      <Filter>Source Files\Nodes</Filter>
    </ClCompile>
    <ClCompile Include="..\shadereditor\nodes\vnode_envc.cpp">
      <Filter>Source Files\Nodes</Filter>
    </ClCompile>
    <ClCompile Include="..\shadereditor\nodes\vnode_final.cpp">
      <Filter>Source Files\Nodes</Filter>
    </ClCompile>
    <ClCompile Include="..\shadereditor\nodes\vnode_flashlight.cpp">
      <Filter>Source Files\Nodes</Filter>
    </ClCompile>
    <ClCompile Include="..\shadereditor\nodes\vnode_fog.cpp">
      <Filter>Source Files\Nodes</Filter>
    </ClCompile>
    <ClCompile Include="..\shadereditor\nodes\vnode_lerp.cpp">
      <Filter>Source Files\Nodes</Filter>
    </ClCompile>
    <ClCompile Include="..\shadereditor\nodes\vnode_lightscale.cpp">
      <Filter>Source Files\Nodes</Filter>
    </ClCompile>
    <ClCompile Include="..\shadereditor\nodes\vnode_loop.cpp">
      <Filter>Source Files\Nodes</Filter>
    </ClCompile>
    <ClCompile Include="..\shadereditor\nodes\vnode_matrices.cpp">
      <Filter>Source Files\Nodes</Filter>
    </ClCompile>
    <ClCompile Include="..\shadereditor\nodes\vnode_mcompose.cpp">
      <Filter>Source Files\Nodes</Filter>
    </ClCompile>
    <ClCompile Include="..\shadereditor\nodes\vnode_multiply.cpp">
      <Filter>Source Files\Nodes</Filter>
    </ClCompile>
    <ClCompile Include="..\shadereditor\nodes\vnode_parallax.cpp">
      <Filter>Source Files\Nodes</Filter>
    </ClCompile>
    <ClCompile Include="..\shadereditor\nodes\vnode_psinput.cpp">
      <Filter>Source Files\Nodes</Filter>
    </ClCompile>
    <ClCompile Include="..\shadereditor\nodes\vnode_psoutput.cpp">
      <Filter>Source Files\Nodes</Filter>
    </ClCompile>
    <ClCompile Include="..\shadereditor\nodes\vnode_sampler.cpp">
      <Filter>Source Files\Nodes</Filter>
    </ClCompile>
    <ClCompile Include="..\shadereditor\nodes\vnode_std_plight.cpp">
      <Filter>Source Files\Nodes</Filter>
    </ClCompile>
    <ClCompile Include="..\shadereditor\nodes\vnode_std_skinning.cpp">
      <Filter>Source Files\Nodes</Filter>
    </ClCompile>
    <ClCompile Include="..\shadereditor\nodes\vnode_std_vlight.cpp">
      <Filter>Source Files\Nodes</Filter>
    </ClCompile>
    <ClCompile Include="..\shadereditor\nodes\vnode_subtract.cpp">
      <Filter>Source Files\Nodes</Filter>
    </ClCompile>
    <ClCompile Include="..\shadereditor\nodes\vnode_swizzle.cpp">
      <Filter>Source Files\Nodes</Filter>
    </ClCompile>
    <ClCompile Include="..\shadereditor\nodes\vnode_texsample.cpp">
      <Filter>Source Files\Nodes</Filter>
    </ClCompile>
    <ClCompile Include="..\shadereditor\nodes\vnode_textransform.cpp">
      <Filter>Source Files\Nodes</Filter>
    </ClCompile>
    <ClCompile Include="..\shadereditor\nodes\vnode_utility.cpp">
      <Filter>Source Files\Nodes</Filter>
    </ClCompile>
    <ClCompile Include="..\shadereditor\nodes\vnode_vcompression.cpp">
      <Filter>Source Files\Nodes</Filter>
    </ClCompile>
    <ClCompile Include="..\shadereditor\nodes\vnode_vecappend.cpp">
      <Filter>Source Files\Nodes</Filter>
    </ClCompile>
    <ClCompile Include="..\shadereditor\nodes\vnode_vectorref.cpp">
      <Filter>Source Files\Nodes</Filter>
    </ClCompile>
    <ClCompile Include="..\shadereditor\nodes\vnode_vmtparam.cpp">
      <Filter>Source Files\Nodes</Filter>
    </ClCompile>
    <ClCompile Include="..\shadereditor\nodes\vnode_vsinput.cpp">
      <Filter>Source Files\Nodes</Filter>
    </ClCompile>
    <ClCompile Include="..\shadereditor\nodes\vnode_vsoutput.cpp">
      <Filter>Source Files\Nodes</Filter>
    </ClCompile>
    <ClCompile Include="..\shadereditor\nodes\postprocessing\vnode_pp_base.cpp">
      <Filter>Source Files\Nodes\Post processing</Filter>
    </ClCompile>
    <ClCompile Include="..\shadereditor\nodes\postprocessing\vnode_pp_drawmat.cpp">
      <Filter>Source Files\Nodes\Post processing</Filter>
    </ClCompile>
    <ClCompile Include="..\shadereditor\nodes\postprocessing\vnode_pp_mat.cpp">
      <Filter>Source Files\Nodes\Post processing</Filter>
    </ClCompile>
    <ClCompile Include="..\shadereditor\nodes\postprocessing\vnode_pp_operations.cpp">
      <Filter>Source Files\Nodes\Post processing</Filter>
    </ClCompile>
    <ClCompile Include="..\shadereditor\nodes\postprocessing\vnode_pp_renderview.cpp">
      <Filter>Source Files\Nodes\Post processing</Filter>
    </ClCompile>
    <ClCompile Include="..\shadereditor\nodes\postprocessing\vnode_pp_rt.cpp">
      <Filter>Source Files\Nodes\Post processing</Filter>
    </ClCompile>
    <ClCompile Include="..\shadereditor\properties\vcodeeditor.cpp">
      <Filter>Source Files\Properties</Filter>
    </ClCompile>
    <ClCompile Include="..\shadereditor\properties\vnodeproperties.cpp">
      <Filter>Source Files\Properties</Filter>
    </ClCompile>
    <ClCompile Include="..\shadereditor\properties\vsheet_array.cpp">
      <Filter>Source Files\Properties</Filter>
    </ClCompile>
    <ClCompile Include="..\shadereditor\properties\vsheet_base.cpp">
      <Filter>Source Files\Properties</Filter>
    </ClCompile>
    <ClCompile Include="..\shadereditor\properties\vsheet_callback.cpp">
      <Filter>Source Files\Properties</Filter>
    </ClCompile>
    <ClCompile Include="..\shadereditor\properties\vsheet_cmatrix.cpp">
      <Filter>Source Files\Properties</Filter>
    </ClCompile>
    <ClCompile Include="..\shadereditor\properties\vsheet_combo.cpp">
      <Filter>Source Files\Properties</Filter>
    </ClCompile>
    <ClCompile Include="..\shadereditor\properties\vsheet_comment.cpp">
      <Filter>Source Files\Properties</Filter>
    </ClCompile>
    <ClCompile Include="..\shadereditor\properties\vsheet_condition.cpp">
      <Filter>Source Files\Properties</Filter>
    </ClCompile>
    <ClCompile Include="..\shadereditor\properties\vsheet_constant.cpp">
      <Filter>Source Files\Properties</Filter>
    </ClCompile>
    <ClCompile Include="..\shadereditor\properties\vsheet_custom.cpp">
      <Filter>Source Files\Properties</Filter>
    </ClCompile>
    <ClCompile Include="..\shadereditor\properties\vsheet_final.cpp">
      <Filter>Source Files\Properties</Filter>
    </ClCompile>
    <ClCompile Include="..\shadereditor\properties\vsheet_flashlight.cpp">
      <Filter>Source Files\Properties</Filter>
    </ClCompile>
    <ClCompile Include="..\shadereditor\properties\vsheet_general.cpp">
      <Filter>Source Files\Properties</Filter>
    </ClCompile>
    <ClCompile Include="..\shadereditor\properties\vsheet_lightscale.cpp">
      <Filter>Source Files\Properties</Filter>
    </ClCompile>
    <ClCompile Include="..\shadereditor\properties\vsheet_loop.cpp">
      <Filter>Source Files\Properties</Filter>
    </ClCompile>
    <ClCompile Include="..\shadereditor\properties\vsheet_mcomp.cpp">
      <Filter>Source Files\Properties</Filter>
    </ClCompile>
    <ClCompile Include="..\shadereditor\properties\vsheet_multiply.cpp">
      <Filter>Source Files\Properties</Filter>
    </ClCompile>
    <ClCompile Include="..\shadereditor\properties\vsheet_parallax.cpp">
      <Filter>Source Files\Properties</Filter>
    </ClCompile>
    <ClCompile Include="..\shadereditor\properties\vsheet_psoutput.cpp">
      <Filter>Source Files\Properties</Filter>
    </ClCompile>
    <ClCompile Include="..\shadereditor\properties\vsheet_stdplight.cpp">
      <Filter>Source Files\Properties</Filter>
    </ClCompile>
    <ClCompile Include="..\shadereditor\properties\vsheet_stdpspeclight.cpp">
      <Filter>Source Files\Properties</Filter>
    </ClCompile>
    <ClCompile Include="..\shadereditor\properties\vsheet_stdskinning.cpp">
      <Filter>Source Files\Properties</Filter>
    </ClCompile>
    <ClCompile Include="..\shadereditor\properties\vsheet_stdvlight.cpp">
      <Filter>Source Files\Properties</Filter>
    </ClCompile>
    <ClCompile Include="..\shadereditor\properties\vsheet_swizzle.cpp">
      <Filter>Source Files\Properties</Filter>
    </ClCompile>
    <ClCompile Include="..\shadereditor\properties\vsheet_textransform.cpp">
      <Filter>Source Files\Properties</Filter>
    </ClCompile>
    <ClCompile Include="..\shadereditor\properties\vsheet_texturesample.cpp">
      <Filter>Source Files\Properties</Filter>
    </ClCompile>
    <ClCompile Include="..\shadereditor\properties\vsheet_vcompression.cpp">
      <Filter>Source Files\Properties</Filter>
    </ClCompile>
    <ClCompile Include="..\shadereditor\properties\vsheet_vmtparam.cpp">
      <Filter>Source Files\Properties</Filter>
    </ClCompile>
    <ClCompile Include="..\shadereditor\properties\vsheet_vsinput.cpp">
      <Filter>Source Files\Properties</Filter>
    </ClCompile>
    <ClCompile Include="..\shadereditor\properties\vsheet_vsoutpsin.cpp">
      <Filter>Source Files\Properties</Filter>
    </ClCompile>
    <ClCompile Include="..\shadereditor\properties\postprocessing\vsheet_pp_drawmat.cpp">
      <Filter>Source Files\Properties\Post processing</Filter>
    </ClCompile>
    <ClCompile Include="..\shadereditor\properties\postprocessing\vsheet_pp_mat.cpp">
      <Filter>Source Files\Properties\Post processing</Filter>
    </ClCompile>
    <ClCompile Include="..\shadereditor\properties\postprocessing\vsheet_pp_operations.cpp">
      <Filter>Source Files\Properties\Post processing</Filter>
    </ClCompile>
    <ClCompile Include="..\shadereditor\properties\postprocessing\vsheet_pp_renderview.cpp">
      <Filter>Source Files\Properties\Post processing</Filter>
    </ClCompile>
    <ClCompile Include="..\shadereditor\properties\postprocessing\vsheet_pp_rt.cpp">
      <Filter>Source Files\Properties\Post processing</Filter>
    </ClCompile>
    <ClCompile Include="..\shadereditor\properties\smarttext\vsmartautocomplete.cpp">
      <Filter>Source Files\Properties\Smart text</Filter>
    </ClCompile>
    <ClCompile Include="..\shadereditor\properties\smarttext\vsmartobject.cpp">
      <Filter>Source Files\Properties\Smart text</Filter>
    </ClCompile>
    <ClCompile Include="..\shadereditor\properties\smarttext\vsmartobjectlist.cpp">
      <Filter>Source Files\Properties\Smart text</Filter>
    </ClCompile>
    <ClCompile Include="..\shadereditor\properties\smarttext\vsmartrow.cpp">
      <Filter>Source Files\Properties\Smart text</Filter>
    </ClCompile>
    <ClCompile Include="..\shadereditor\properties\smarttext\vsmarttext.cpp">
      <Filter>Source Files\Properties\Smart text</Filter>
    </ClCompile>
    <ClCompile Include="..\shadereditor\properties\smarttext\vsmarttooltip.cpp">
      <Filter>Source Files\Properties\Smart text</Filter>
    </ClCompile>
    <ClCompile Include="..\shadereditor\solver\chlsl_solver_add.cpp">
      <Filter>Source Files\Solver</Filter>
    </ClCompile>
    <ClCompile Include="..\shadereditor\solver\chlsl_solver_append.cpp">
      <Filter>Source Files\Solver</Filter>
    </ClCompile>
    <ClCompile Include="..\shadereditor\solver\chlsl_solver_array.cpp">
      <Filter>Source Files\Solver</Filter>
    </ClCompile>
    <ClCompile Include="..\shadereditor\solver\chlsl_solver_baseevaluate.cpp">
      <Filter>Source Files\Solver</Filter>
    </ClCompile>
    <ClCompile Include="..\shadereditor\solver\chlsl_solver_baserange.cpp">
      <Filter>Source Files\Solver</Filter>
    </ClCompile>
    <ClCompile Include="..\shadereditor\solver\chlsl_solver_break.cpp">
      <Filter>Source Files\Solver</Filter>
    </ClCompile>
    <ClCompile Include="..\shadereditor\solver\chlsl_solver_callback.cpp">
      <Filter>Source Files\Solver</Filter>
    </ClCompile>
    <ClCompile Include="..\shadereditor\solver\chlsl_solver_constant.cpp">
      <Filter>Source Files\Solver</Filter>
    </ClCompile>
    <ClCompile Include="..\shadereditor\solver\chlsl_solver_containerbasic.cpp">
      <Filter>Source Files\Solver</Filter>
    </ClCompile>
    <ClCompile Include="..\shadereditor\solver\chlsl_solver_cross.cpp">
      <Filter>Source Files\Solver</Filter>
    </ClCompile>
    <ClCompile Include="..\shadereditor\solver\chlsl_solver_custom.cpp">
      <Filter>Source Files\Solver</Filter>
    </ClCompile>
    <ClCompile Include="..\shadereditor\solver\chlsl_solver_divide.cpp">
      <Filter>Source Files\Solver</Filter>
    </ClCompile>
    <ClCompile Include="..\shadereditor\solver\chlsl_solver_dot.cpp">
      <Filter>Source Files\Solver</Filter>
    </ClCompile>
    <ClCompile Include="..\shadereditor\solver\chlsl_solver_dummy.cpp">
      <Filter>Source Files\Solver</Filter>
    </ClCompile>
    <ClCompile Include="..\shadereditor\solver\chlsl_solver_envc.cpp">
      <Filter>Source Files\Solver</Filter>
    </ClCompile>
    <ClCompile Include="..\shadereditor\solver\chlsl_solver_final.cpp">
      <Filter>Source Files\Solver</Filter>
    </ClCompile>
    <ClCompile Include="..\shadereditor\solver\chlsl_solver_flashlight.cpp">
      <Filter>Source Files\Solver</Filter>
    </ClCompile>
    <ClCompile Include="..\shadereditor\solver\chlsl_solver_fog.cpp">
      <Filter>Source Files\Solver</Filter>
    </ClCompile>
    <ClCompile Include="..\shadereditor\solver\chlsl_solver_lerp.cpp">
      <Filter>Source Files\Solver</Filter>
    </ClCompile>
    <ClCompile Include="..\shadereditor\solver\chlsl_solver_lightscale.cpp">
      <Filter>Source Files\Solver</Filter>
    </ClCompile>
    <ClCompile Include="..\shadereditor\solver\chlsl_solver_matrices.cpp">
      <Filter>Source Files\Solver</Filter>
    </ClCompile>
    <ClCompile Include="..\shadereditor\solver\chlsl_solver_mcomp.cpp">
      <Filter>Source Files\Solver</Filter>
    </ClCompile>
    <ClCompile Include="..\shadereditor\solver\chlsl_solver_multiply.cpp">
      <Filter>Source Files\Solver</Filter>
    </ClCompile>
    <ClCompile Include="..\shadereditor\solver\chlsl_solver_parallax.cpp">
      <Filter>Source Files\Solver</Filter>
    </ClCompile>
    <ClCompile Include="..\shadereditor\solver\chlsl_solver_readsemantics.cpp">
      <Filter>Source Files\Solver</Filter>
    </ClCompile>
    <ClCompile Include="..\shadereditor\solver\chlsl_solver_stdplight.cpp">
      <Filter>Source Files\Solver</Filter>
    </ClCompile>
    <ClCompile Include="..\shadereditor\solver\chlsl_solver_stdskinning.cpp">
      <Filter>Source Files\Solver</Filter>
    </ClCompile>
    <ClCompile Include="..\shadereditor\solver\chlsl_solver_stdvlight.cpp">
      <Filter>Source Files\Solver</Filter>
    </ClCompile>
    <ClCompile Include="..\shadereditor\solver\chlsl_solver_subtract.cpp">
      <Filter>Source Files\Solver</Filter>
    </ClCompile>
    <ClCompile Include="..\shadereditor\solver\chlsl_solver_swizzle.cpp">
      <Filter>Source Files\Solver</Filter>
    </ClCompile>
    <ClCompile Include="..\shadereditor\solver\chlsl_solver_textransform.cpp">
      <Filter>Source Files\Solver</Filter>
    </ClCompile>
    <ClCompile Include="..\shadereditor\solver\chlsl_solver_texturesample.cpp">
      <Filter>Source Files\Solver</Filter>
    </ClCompile>
    <ClCompile Include="..\shadereditor\solver\chlsl_solver_utility.cpp">
      <Filter>Source Files\Solver</Filter>
    </ClCompile>
    <ClCompile Include="..\shadereditor\solver\chlsl_solver_vcompression.cpp">
      <Filter>Source Files\Solver</Filter>
    </ClCompile>
    <ClCompile Include="..\shadereditor\solver\chlsl_solver_vecref.cpp">
      <Filter>Source Files\Solver</Filter>
    </ClCompile>
    <ClCompile Include="..\shadereditor\solver\chlsl_solver_vmtparam.cpp">
      <Filter>Source Files\Solver</Filter>
    </ClCompile>
    <ClCompile Include="..\shadereditor\solver\chlsl_solver_writesemantics.cpp">
      <Filter>Source Files\Solver</Filter>
    </ClCompile>
    <ClCompile Include="..\shadereditor\solver\chlsl_solverbase.cpp">
      <Filter>Source Files\Solver</Filter>
    </ClCompile>
    <ClCompile Include="..\shadereditor\solver\postprocessing\chlsl_solver_pp_drawmat.cpp">
      <Filter>Source Files\Solver\Post processing</Filter>
    </ClCompile>
    <ClCompile Include="..\shadereditor\solver\postprocessing\chlsl_solver_pp_mat.cpp">
      <Filter>Source Files\Solver\Post processing</Filter>
    </ClCompile>
    <ClCompile Include="..\shadereditor\solver\postprocessing\chlsl_solver_pp_operations.cpp">
      <Filter>Source Files\Solver\Post processing</Filter>
    </ClCompile>
    <ClCompile Include="..\shadereditor\solver\postprocessing\chlsl_solver_pp_renderview.cpp">
      <Filter>Source Files\Solver\Post processing</Filter>
    </ClCompile>
    <ClCompile Include="..\shadereditor\solver\postprocessing\chlsl_solver_pp_rt.cpp">
      <Filter>Source Files\Solver\Post processing</Filter>
    </ClCompile>
    <ClCompile Include="..\shadereditor\solver\postprocessing\chlsl_solverpp_base.cpp">
      <Filter>Source Files\Solver\Post processing</Filter>
    </ClCompile>
    <ClCompile Include="..\shadereditor\threads\cbasethread.cpp">
      <Filter>Source Files\Threads</Filter>
    </ClCompile>
    <ClCompile Include="..\shadereditor\threads\ccompilethread.cpp">
      <Filter>Source Files\Threads</Filter>
    </ClCompile>
    <ClCompile Include="..\shadereditor\threads\csolvercallback.cpp">
      <Filter>Source Files\Threads</Filter>
    </ClCompile>
    <ClCompile Include="..\shadereditor\threads\cthreadmanager.cpp">
      <Filter>Source Files\Threads</Filter>
    </ClCompile>
  </ItemGroup>
  <ItemGroup>
  </ItemGroup>
  <ItemGroup>
    <CustomBuild Include="..\public\tier0\pointeroverride.asm">
      <Filter>Source Files</Filter>
    </CustomBuild>
    <CustomBuild Include="shadereditor.vpc">
      <Filter>VPC Scripts</Filter>
    </CustomBuild>
  </ItemGroup>
  <ItemGroup>
    <None Include="..\vpc_scripts\loadaddress.vpc">
      <Filter>VPC Scripts</Filter>
    </None>
    <None Include="..\vpc_scripts\platform_dirs.vpc">
      <Filter>VPC Scripts</Filter>
    </None>
    <None Include="..\shadereditor_platform.vpc">
      <Filter>VPC Scripts</Filter>
    </None>
    <None Include="..\vpc_scripts\source_base.vpc">
      <Filter>VPC Scripts</Filter>
    </None>
    <None Include="..\vpc_scripts\source_dll_base.vpc">
      <Filter>VPC Scripts</Filter>
    </None>
    <None Include="..\vpc_scripts\source_dll_win32_base.vpc">
      <Filter>VPC Scripts</Filter>
    </None>
    <None Include="..\vpc_scripts\source_dll_win32_debug.vpc">
      <Filter>VPC Scripts</Filter>
    </None>
    <None Include="..\vpc_scripts\source_dll_win32_release.vpc">
      <Filter>VPC Scripts</Filter>
    </None>
    <None Include="..\vpc_scripts\source_video_base.vpc">
      <Filter>VPC Scripts</Filter>
    </None>
    <None Include="..\vpc_scripts\source_win32_base.vpc">
      <Filter>VPC Scripts</Filter>
    </None>
    <None Include="..\vpc_scripts\version.vpc">
      <Filter>VPC Scripts</Filter>
    </None>
  </ItemGroup>
</Project>
